<?xml version="1.0" encoding="utf-8"?>
<Project ToolsVersion="4.0" xmlns="http://schemas.microsoft.com/developer/msbuild/2003">
  <ItemGroup>
    <ClCompile Include="main.cpp" />
    <ClCompile Include="math\Vector2.cpp">
      <Filter>math</Filter>
    </ClCompile>
    <ClCompile Include="math\AABB2.cpp">
      <Filter>math</Filter>
    </ClCompile>
    <ClCompile Include="utility\Timer.cpp">
      <Filter>utility</Filter>
    </ClCompile>
    <ClCompile Include="Game.cpp" />
    <ClCompile Include="GameOptions.cpp" />
    <ClCompile Include="GameLogic.cpp" />
    <ClCompile Include="Entity.cpp" />
    <ClCompile Include="components\Component.cpp">
      <Filter>components</Filter>
    </ClCompile>
    <ClCompile Include="SFMLRenderer.cpp" />
    <ClCompile Include="GameEventSystem.cpp" />
    <ClCompile Include="utility\Log.cpp">
      <Filter>utility</Filter>
    </ClCompile>
    <ClCompile Include="components\RectangleRenderComponent.cpp">
      <Filter>components</Filter>
    </ClCompile>
    <ClCompile Include="components\TransformComponent.cpp">
      <Filter>components</Filter>
    </ClCompile>
  </ItemGroup>
  <ItemGroup>
    <Filter Include="math">
      <UniqueIdentifier>{78eff457-04ef-4412-a085-fb2ddf29c0ca}</UniqueIdentifier>
    </Filter>
    <Filter Include="utility">
      <UniqueIdentifier>{a67a1c15-1b46-49df-b33f-b842d5f91d25}</UniqueIdentifier>
    </Filter>
    <Filter Include="components">
      <UniqueIdentifier>{d080545e-e436-48ad-8580-857008b19ab5}</UniqueIdentifier>
    </Filter>
  </ItemGroup>
  <ItemGroup>
    <ClInclude Include="math\Vector2.h">
      <Filter>math</Filter>
    </ClInclude>
    <ClInclude Include="math\fp_compare.h">
      <Filter>math</Filter>
    </ClInclude>
    <ClInclude Include="math\AABB2.h">
      <Filter>math</Filter>
    </ClInclude>
    <ClInclude Include="utility\Timer.h">
      <Filter>utility</Filter>
    </ClInclude>
    <ClInclude Include="IEventSystem.h" />
    <ClInclude Include="ILogicSystem.h" />
    <ClInclude Include="IPhysicsSystem.h" />
    <ClInclude Include="IRenderSystem.h" />
    <ClInclude Include="Game.h" />
    <ClInclude Include="GameOptions.h" />
    <ClInclude Include="utility\conversions.h">
      <Filter>utility</Filter>
    </ClInclude>
    <ClInclude Include="options.h" />
    <ClInclude Include="GameLogic.h" />
    <ClInclude Include="types.h" />
    <ClInclude Include="Entity.h" />
    <ClInclude Include="components\Component.h">
      <Filter>components</Filter>
    </ClInclude>
    <ClInclude Include="SFMLRenderer.h" />
    <ClInclude Include="GameEventSystem.h" />
    <ClInclude Include="utility\Log.h">
      <Filter>utility</Filter>
    </ClInclude>
    <ClInclude Include="components\RectangleRenderComponent.h">
      <Filter>components</Filter>
    </ClInclude>
    <ClInclude Include="components\TransformComponent.h">
      <Filter>components</Filter>
    </ClInclude>
    <ClInclude Include="utility\Singleton.h">
      <Filter>utility</Filter>
    </ClInclude>
  </ItemGroup>
</Project>